
Microsoft Visual Studio Solution File, Format Version 12.00
# Visual Studio Version 16
VisualStudioVersion = 16.0.32630.194
MinimumVisualStudioVersion = 10.0.40219.1
Project("{FAE04EC0-301F-11D3-BF4B-00C04F79EFBC}") = "ButtonGame", "ButtonGame\ButtonGame.csproj", "{E151E60D-4E6E-45F1-88AB-FEBDEF5EF909}"
EndProject
Global
	GlobalSection(SolutionConfigurationPlatforms) = preSolution
		Debug|Any CPU = Debug|Any CPU
		Release|Any CPU = Release|Any CPU
	EndGlobalSection
	GlobalSection(ProjectConfigurationPlatforms) = postSolution
		{E151E60D-4E6E-45F1-88AB-FEBDEF5EF909}.Debug|Any CPU.ActiveCfg = Debug|Any CPU
		{E151E60D-4E6E-45F1-88AB-FEBDEF5EF909}.Debug|Any CPU.Build.0 = Debug|Any CPU
		{E151E60D-4E6E-45F1-88AB-FEBDEF5EF909}.Release|Any CPU.ActiveCfg = Release|Any CPU
		{E151E60D-4E6E-45F1-88AB-FEBDEF5EF909}.Release|Any CPU.Build.0 = Release|Any CPU
	EndGlobalSection
	GlobalSection(SolutionProperties) = preSolution
		HideSolutionNode = FALSE
	EndGlobalSection
	GlobalSection(ExtensibilityGlobals) = postSolution
		SolutionGuid = {802EAF52-4B7A-4A8B-A658-10D6F2A16ED7}
	EndGlobalSection
EndGlobal
